// !$*UTF8*$!
{
	archiveVersion = 1;
	classes = {
	};
	objectVersion = 46;
	objects = {

/* Begin PBXBuildFile section */
		D93E938E14CD116100A69B58 /* main.c in Sources */ = {isa = PBXBuildFile; fileRef = D93E938D14CD116100A69B58 /* main.c */; };
/* End PBXBuildFile section */

/* Begin PBXCopyFilesBuildPhase section */
		D93B4A1914C6ADF80023ABEE /* CopyFiles */ = {
			isa = PBXCopyFilesBuildPhase;
			buildActionMask = 2147483647;
			dstPath = /usr/share/man/man1/;
			dstSubfolderSpec = 0;
			files = (
			);
			runOnlyForDeploymentPostprocessing = 1;
		};
/* End PBXCopyFilesBuildPhase section */

/* Begin PBXFileReference section */
		D93B4A2C14CD11040023ABEE /* ProjectEuler */ = {isa = PBXFileReference; explicitFileType = "compiled.mach-o.executable"; includeInIndex = 0; path = ProjectEuler; sourceTree = BUILT_PRODUCTS_DIR; };
		D93E938D14CD116100A69B58 /* main.c */ = {isa = PBXFileReference; fileEncoding = 4; lastKnownFileType = sourcecode.c.c; name = main.c; path = "Problem 1/main.c"; sourceTree = SOURCE_ROOT; };
/* End PBXFileReference section */

/* Begin PBXFrameworksBuildPhase section */
		D93B4A1814C6ADF80023ABEE /* Frameworks */ = {
			isa = PBXFrameworksBuildPhase;
			buildActionMask = 2147483647;
			files = (
			);
			runOnlyForDeploymentPostprocessing = 0;
		};
/* End PBXFrameworksBuildPhase section */

/* Begin PBXGroup section */
		D93B4A1014C6ADF80023ABEE = {
			isa = PBXGroup;
			children = (
				D93E939414CD11B000A69B58 /* Problem 2 */,
				D93B4A1E14C6ADF80023ABEE /* Problem 1 */,
				D93B4A2C14CD11040023ABEE /* ProjectEuler */,
			);
			sourceTree = "<group>";
		};
		D93B4A1E14C6ADF80023ABEE /* Problem 1 */ = {
			isa = PBXGroup;
			children = (
				D93E938D14CD116100A69B58 /* main.c */,
			);
			name = "Problem 1";
			path = Test;
			sourceTree = "<group>";
		};
		D93E939414CD11B000A69B58 /* Problem 2 */ = {
			isa = PBXGroup;
			children = (
			);
			name = "Problem 2";
			path = Test;
			sourceTree = "<group>";
		};
/* End PBXGroup section */

/* Begin PBXNativeTarget section */
		D93B4A1A14C6ADF80023ABEE /* ProjectEuler */ = {
			isa = PBXNativeTarget;
			buildConfigurationList = D93B4A2514C6ADF80023ABEE /* Build configuration list for PBXNativeTarget "ProjectEuler" */;
			buildPhases = (
				D93B4A1714C6ADF80023ABEE /* Sources */,
				D93B4A1814C6ADF80023ABEE /* Frameworks */,
				D93B4A1914C6ADF80023ABEE /* CopyFiles */,
			);
			buildRules = (
			);
			dependencies = (
			);
			name = ProjectEuler;
			productName = Test;
			productReference = D93B4A2C14CD11040023ABEE /* ProjectEuler */;
			productType = "com.apple.product-type.tool";
		};
/* End PBXNativeTarget section */

/* Begin PBXProject section */
		D93B4A1214C6ADF80023ABEE /* Project object */ = {
			isa = PBXProject;
			buildConfigurationList = D93B4A1514C6ADF80023ABEE /* Build configuration list for PBXProject "ProjectEuler" */;
			compatibilityVersion = "Xcode 3.2";
			developmentRegion = English;
			hasScannedForEncodings = 0;
			knownRegions = (
				en,
			);
			mainGroup = D93B4A1014C6ADF80023ABEE;
			productRefGroup = D93B4A1014C6ADF80023ABEE;
			projectDirPath = "";
			projectRoot = "";
			targets = (
				D93B4A1A14C6ADF80023ABEE /* ProjectEuler */,
			);
		};
/* End PBXProject section */

/* Begin PBXSourcesBuildPhase section */
		D93B4A1714C6ADF80023ABEE /* Sources */ = {
			isa = PBXSourcesBuildPhase;
			buildActionMask = 2147483647;
			files = (
				D93E938E14CD116100A69B58 /* main.c in Sources */,
			);
			runOnlyForDeploymentPostprocessing = 0;
		};
/* End PBXSourcesBuildPhase section */

/* Begin XCBuildConfiguration section */
		D93B4A2314C6ADF80023ABEE /* Debug */ = {
			isa = XCBuildConfiguration;
			buildSettings = {
				ALWAYS_SEARCH_USER_PATHS = NO;
				ARCHS = "$(ARCHS_STANDARD_64_BIT)";
				COPY_PHASE_STRIP = NO;
				GCC_C_LANGUAGE_STANDARD = gnu99;
				GCC_DYNAMIC_NO_PIC = NO;
				GCC_ENABLE_OBJC_EXCEPTIONS = YES;
				GCC_OPTIMIZATION_LEVEL = 0;
				GCC_PREPROCESSOR_DEFINITIONS = (
					"DEBUG=1",
					"$(inherited)",
				);
				GCC_SYMBOLS_PRIVATE_EXTERN = NO;
				GCC_VERSION = com.apple.compilers.llvm.clang.1_0;
				GCC_WARN_64_TO_32_BIT_CONVERSION = YES;
				GCC_WARN_ABOUT_MISSING_PROTOTYPES = YES;
				GCC_WARN_ABOUT_RETURN_TYPE = YES;
				GCC_WARN_UNUSED_VARIABLE = YES;
				MACOSX_DEPLOYMENT_TARGET = 10.7;
				ONLY_ACTIVE_ARCH = YES;
				SDKROOT = macosx;
			};
			name = Debug;
		};
		D93B4A2414C6ADF80023ABEE /* Release */ = {
			isa = XCBuildConfiguration;
			buildSettings = {
				ALWAYS_SEARCH_USER_PATHS = NO;
				ARCHS = "$(ARCHS_STANDARD_64_BIT)";
				COPY_PHASE_STRIP = YES;
				DEBUG_INFORMATION_FORMAT = "dwarf-with-dsym";
				GCC_C_LANGUAGE_STANDARD = gnu99;
				GCC_ENABLE_OBJC_EXCEPTIONS = YES;
				GCC_VERSION = com.apple.compilers.llvm.clang.1_0;
				GCC_WARN_64_TO_32_BIT_CONVERSION = YES;
				GCC_WARN_ABOUT_MISSING_PROTOTYPES = YES;
				GCC_WARN_ABOUT_RETURN_TYPE = YES;
				GCC_WARN_UNUSED_VARIABLE = YES;
				MACOSX_DEPLOYMENT_TARGET = 10.7;
				SDKROOT = macosx;
			};
			name = Release;
		};
		D93B4A2614C6ADF80023ABEE /* Debug */ = {
			isa = XCBuildConfiguration;
			buildSettings = {
				PRODUCT_NAME = ProjectEuler;
			};
			name = Debug;
		};
		D93B4A2714C6ADF80023ABEE /* Release */ = {
			isa = XCBuildConfiguration;
			buildSettings = {
				PRODUCT_NAME = ProjectEuler;
			};
			name = Release;
		};
/* End XCBuildConfiguration section */

/* Begin XCConfigurationList section */
		D93B4A1514C6ADF80023ABEE /* Build configuration list for PBXProject "ProjectEuler" */ = {
			isa = XCConfigurationList;
			buildConfigurations = (
				D93B4A2314C6ADF80023ABEE /* Debug */,
				D93B4A2414C6ADF80023ABEE /* Release */,
			);
			defaultConfigurationIsVisible = 0;
			defaultConfigurationName = Release;
		};
		D93B4A2514C6ADF80023ABEE /* Build configuration list for PBXNativeTarget "ProjectEuler" */ = {
			isa = XCConfigurationList;
			buildConfigurations = (
				D93B4A2614C6ADF80023ABEE /* Debug */,
				D93B4A2714C6ADF80023ABEE /* Release */,
			);
			defaultConfigurationIsVisible = 0;
			defaultConfigurationName = Release;
		};
/* End XCConfigurationList section */
	};
	rootObject = D93B4A1214C6ADF80023ABEE /* Project object */;
}
